// !$*UTF8*$!
{
	archiveVersion = 1;
	classes = {
	};
	objectVersion = 46;
	objects = {

/* Begin PBXBuildFile section */
		3FA6C53B1D0F52C60074FA88 /* AppDelegate.swift in Sources */ = {isa = PBXBuildFile; fileRef = 3FA6C53A1D0F52C60074FA88 /* AppDelegate.swift */; };
		3FA6C53D1D0F52C60074FA88 /* ViewController.swift in Sources */ = {isa = PBXBuildFile; fileRef = 3FA6C53C1D0F52C60074FA88 /* ViewController.swift */; };
		3FA6C5401D0F52C60074FA88 /* Main.storyboard in Resources */ = {isa = PBXBuildFile; fileRef = 3FA6C53E1D0F52C60074FA88 /* Main.storyboard */; };
		3FA6C5421D0F52C60074FA88 /* Assets.xcassets in Resources */ = {isa = PBXBuildFile; fileRef = 3FA6C5411D0F52C60074FA88 /* Assets.xcassets */; };
		3FA6C5451D0F52C60074FA88 /* LaunchScreen.storyboard in Resources */ = {isa = PBXBuildFile; fileRef = 3FA6C5431D0F52C60074FA88 /* LaunchScreen.storyboard */; };
		3FA6C54D1D0F86CE0074FA88 /* www in Resources */ = {isa = PBXBuildFile; fileRef = 3FA6C54C1D0F86CE0074FA88 /* www */; };
/* End PBXBuildFile section */

/* Begin PBXFileReference section */
		3FA6C5371D0F52C60074FA88 /* dragdrop.app */ = {isa = PBXFileReference; explicitFileType = wrapper.application; includeInIndex = 0; path = dragdrop.app; sourceTree = BUILT_PRODUCTS_DIR; };
		3FA6C53A1D0F52C60074FA88 /* AppDelegate.swift */ = {isa = PBXFileReference; lastKnownFileType = sourcecode.swift; path = AppDelegate.swift; sourceTree = "<group>"; };
		3FA6C53C1D0F52C60074FA88 /* ViewController.swift */ = {isa = PBXFileReference; lastKnownFileType = sourcecode.swift; path = ViewController.swift; sourceTree = "<group>"; };
		3FA6C53F1D0F52C60074FA88 /* Base */ = {isa = PBXFileReference; lastKnownFileType = file.storyboard; name = Base; path = Base.lproj/Main.storyboard; sourceTree = "<group>"; };
		3FA6C5411D0F52C60074FA88 /* Assets.xcassets */ = {isa = PBXFileReference; lastKnownFileType = folder.assetcatalog; path = Assets.xcassets; sourceTree = "<group>"; };
		3FA6C5441D0F52C60074FA88 /* Base */ = {isa = PBXFileReference; lastKnownFileType = file.storyboard; name = Base; path = Base.lproj/LaunchScreen.storyboard; sourceTree = "<group>"; };
		3FA6C5461D0F52C60074FA88 /* Info.plist */ = {isa = PBXFileReference; lastKnownFileType = text.plist.xml; path = Info.plist; sourceTree = "<group>"; };
		3FA6C54C1D0F86CE0074FA88 /* www */ = {isa = PBXFileReference; lastKnownFileType = folder; path = www; sourceTree = "<group>"; };
/* End PBXFileReference section */

/* Begin PBXFrameworksBuildPhase section */
		3FA6C5341D0F52C60074FA88 /* Frameworks */ = {
			isa = PBXFrameworksBuildPhase;
			buildActionMask = 2147483647;
			files = (
			);
			runOnlyForDeploymentPostprocessing = 0;
		};
/* End PBXFrameworksBuildPhase section */

/* Begin PBXGroup section */
		3FA6C52E1D0F52C60074FA88 = {
			isa = PBXGroup;
			children = (
				3FA6C5391D0F52C60074FA88 /* dragdrop */,
				3FA6C5381D0F52C60074FA88 /* Products */,
			);
			sourceTree = "<group>";
		};
		3FA6C5381D0F52C60074FA88 /* Products */ = {
			isa = PBXGroup;
			children = (
				3FA6C5371D0F52C60074FA88 /* dragdrop.app */,
			);
			name = Products;
			sourceTree = "<group>";
		};
		3FA6C5391D0F52C60074FA88 /* dragdrop */ = {
			isa = PBXGroup;
			children = (
				3FA6C53A1D0F52C60074FA88 /* AppDelegate.swift */,
				3FA6C53C1D0F52C60074FA88 /* ViewController.swift */,
				3FA6C53E1D0F52C60074FA88 /* Main.storyboard */,
				3FA6C5411D0F52C60074FA88 /* Assets.xcassets */,
				3FA6C54C1D0F86CE0074FA88 /* www */,
				3FA6C5431D0F52C60074FA88 /* LaunchScreen.storyboard */,
				3FA6C5461D0F52C60074FA88 /* Info.plist */,
			);
			path = dragdrop;
			sourceTree = "<group>";
		};
/* End PBXGroup section */

/* Begin PBXNativeTarget section */
		3FA6C5361D0F52C60074FA88 /* dragdrop */ = {
			isa = PBXNativeTarget;
			buildConfigurationList = 3FA6C5491D0F52C60074FA88 /* Build configuration list for PBXNativeTarget "dragdrop" */;
			buildPhases = (
				3FA6C5331D0F52C60074FA88 /* Sources */,
				3FA6C5341D0F52C60074FA88 /* Frameworks */,
				3FA6C5351D0F52C60074FA88 /* Resources */,
			);
			buildRules = (
			);
			dependencies = (
			);
			name = dragdrop;
			productName = dragdrop;
			productReference = 3FA6C5371D0F52C60074FA88 /* dragdrop.app */;
			productType = "com.apple.product-type.application";
		};
/* End PBXNativeTarget section */

/* Begin PBXProject section */
		3FA6C52F1D0F52C60074FA88 /* Project object */ = {
			isa = PBXProject;
			attributes = {
				LastSwiftUpdateCheck = 0730;
				LastUpgradeCheck = 0730;
				ORGANIZATIONNAME = "Jeremy Feldman";
				TargetAttributes = {
					3FA6C5361D0F52C60074FA88 = {
						CreatedOnToolsVersion = 7.3.1;
					};
				};
			};
			buildConfigurationList = 3FA6C5321D0F52C60074FA88 /* Build configuration list for PBXProject "dragdrop" */;
			compatibilityVersion = "Xcode 3.2";
			developmentRegion = English;
			hasScannedForEncodings = 0;
			knownRegions = (
				en,
				Base,
			);
			mainGroup = 3FA6C52E1D0F52C60074FA88;
			productRefGroup = 3FA6C5381D0F52C60074FA88 /* Products */;
			projectDirPath = "";
			projectRoot = "";
			targets = (
				3FA6C5361D0F52C60074FA88 /* dragdrop */,
			);
		};
/* End PBXProject section */

/* Begin PBXResourcesBuildPhase section */
		3FA6C5351D0F52C60074FA88 /* Resources */ = {
			isa = PBXResourcesBuildPhase;
			buildActionMask = 2147483647;
			files = (
				3FA6C54D1D0F86CE0074FA88 /* www in Resources */,
				3FA6C5451D0F52C60074FA88 /* LaunchScreen.storyboard in Resources */,
				3FA6C5421D0F52C60074FA88 /* Assets.xcassets in Resources */,
				3FA6C5401D0F52C60074FA88 /* Main.storyboard in Resources */,
			);
			runOnlyForDeploymentPostprocessing = 0;
		};
/* End PBXResourcesBuildPhase section */

/* Begin PBXSourcesBuildPhase section */
		3FA6C5331D0F52C60074FA88 /* Sources */ = {
			isa = PBXSourcesBuildPhase;
			buildActionMask = 2147483647;
			files = (
				3FA6C53D1D0F52C60074FA88 /* ViewController.swift in Sources */,
				3FA6C53B1D0F52C60074FA88 /* AppDelegate.swift in Sources */,
			);
			runOnlyForDeploymentPostprocessing = 0;
		};
/* End PBXSourcesBuildPhase section */

/* Begin PBXVariantGroup section */
		3FA6C53E1D0F52C60074FA88 /* Main.storyboard */ = {
			isa = PBXVariantGroup;
			children = (
				3FA6C53F1D0F52C60074FA88 /* Base */,
			);
			name = Main.storyboard;
			sourceTree = "<group>";
		};
		3FA6C5431D0F52C60074FA88 /* LaunchScreen.storyboard */ = {
			isa = PBXVariantGroup;
			children = (
				3FA6C5441D0F52C60074FA88 /* Base */,
			);
			name = LaunchScreen.storyboard;
			sourceTree = "<group>";
		};
/* End PBXVariantGroup section */

/* Begin XCBuildConfiguration section */
		3FA6C5471D0F52C60074FA88 /* Debug */ = {
			isa = XCBuildConfiguration;
			buildSettings = {
				ALWAYS_SEARCH_USER_PATHS = NO;
				CLANG_ANALYZER_NONNULL = YES;
				CLANG_CXX_LANGUAGE_STANDARD = "gnu++0x";
				CLANG_CXX_LIBRARY = "libc++";
				CLANG_ENABLE_MODULES = YES;
				CLANG_ENABLE_OBJC_ARC = YES;
				CLANG_WARN_BOOL_CONVERSION = YES;
				CLANG_WARN_CONSTANT_CONVERSION = YES;
				CLANG_WARN_DIRECT_OBJC_ISA_USAGE = YES_ERROR;
				CLANG_WARN_EMPTY_BODY = YES;
				CLANG_WARN_ENUM_CONVERSION = YES;
				CLANG_WARN_INT_CONVERSION = YES;
				CLANG_WARN_OBJC_ROOT_CLASS = YES_ERROR;
				CLANG_WARN_UNREACHABLE_CODE = YES;
				CLANG_WARN__DUPLICATE_METHOD_MATCH = YES;
				"CODE_SIGN_IDENTITY[sdk=iphoneos*]" = "iPhone Developer";
				COPY_PHASE_STRIP = NO;
				DEBUG_INFORMATION_FORMAT = dwarf;
				ENABLE_STRICT_OBJC_MSGSEND = YES;
				ENABLE_TESTABILITY = YES;
				GCC_C_LANGUAGE_STANDARD = gnu99;
				GCC_DYNAMIC_NO_PIC = NO;
				GCC_NO_COMMON_BLOCKS = YES;
				GCC_OPTIMIZATION_LEVEL = 0;
				GCC_PREPROCESSOR_DEFINITIONS = (
					"DEBUG=1",
					"$(inherited)",
				);
				GCC_WARN_64_TO_32_BIT_CONVERSION = YES;
				GCC_WARN_ABOUT_RETURN_TYPE = YES_ERROR;
				GCC_WARN_UNDECLARED_SELECTOR = YES;
				GCC_WARN_UNINITIALIZED_AUTOS = YES_AGGRESSIVE;
				GCC_WARN_UNUSED_FUNCTION = YES;
				GCC_WARN_UNUSED_VARIABLE = YES;
				IPHONEOS_DEPLOYMENT_TARGET = 9.3;
				MTL_ENABLE_DEBUG_INFO = YES;
				ONLY_ACTIVE_ARCH = YES;
				SDKROOT = iphoneos;
				SWIFT_OPTIMIZATION_LEVEL = "-Onone";
			};
			name = Debug;
		};
		3FA6C5481D0F52C60074FA88 /* Release */ = {
			isa = XCBuildConfiguration;
			buildSettings = {
				ALWAYS_SEARCH_USER_PATHS = NO;
				CLANG_ANALYZER_NONNULL = YES;
				CLANG_CXX_LANGUAGE_STANDARD = "gnu++0x";
				CLANG_CXX_LIBRARY = "libc++";
				CLANG_ENABLE_MODULES = YES;
				CLANG_ENABLE_OBJC_ARC = YES;
				CLANG_WARN_BOOL_CONVERSION = YES;
				CLANG_WARN_CONSTANT_CONVERSION = YES;
				CLANG_WARN_DIRECT_OBJC_ISA_USAGE = YES_ERROR;
				CLANG_WARN_EMPTY_BODY = YES;
				CLANG_WARN_ENUM_CONVERSION = YES;
				CLANG_WARN_INT_CONVERSION = YES;
				CLANG_WARN_OBJC_ROOT_CLASS = YES_ERROR;
				CLANG_WARN_UNREACHABLE_CODE = YES;
				CLANG_WARN__DUPLICATE_METHOD_MATCH = YES;
				"CODE_SIGN_IDENTITY[sdk=iphoneos*]" = "iPhone Developer";
				COPY_PHASE_STRIP = NO;
				DEBUG_INFORMATION_FORMAT = "dwarf-with-dsym";
				ENABLE_NS_ASSERTIONS = NO;
				ENABLE_STRICT_OBJC_MSGSEND = YES;
				GCC_C_LANGUAGE_STANDARD = gnu99;
				GCC_NO_COMMON_BLOCKS = YES;
				GCC_WARN_64_TO_32_BIT_CONVERSION = YES;
				GCC_WARN_ABOUT_RETURN_TYPE = YES_ERROR;
				GCC_WARN_UNDECLARED_SELECTOR = YES;
				GCC_WARN_UNINITIALIZED_AUTOS = YES_AGGRESSIVE;
				GCC_WARN_UNUSED_FUNCTION = YES;
				GCC_WARN_UNUSED_VARIABLE = YES;
				IPHONEOS_DEPLOYMENT_TARGET = 9.3;
				MTL_ENABLE_DEBUG_INFO = NO;
				SDKROOT = iphoneos;
				VALIDATE_PRODUCT = YES;
			};
			name = Release;
		};
		3FA6C54A1D0F52C60074FA88 /* Debug */ = {
			isa = XCBuildConfiguration;
			buildSettings = {
				ASSETCATALOG_COMPILER_APPICON_NAME = AppIcon;
				INFOPLIST_FILE = dragdrop/Info.plist;
				LD_RUNPATH_SEARCH_PATHS = "$(inherited) @executable_path/Frameworks";
				PRODUCT_BUNDLE_IDENTIFIER = com.librispark.dragdrop;
				PRODUCT_NAME = "$(TARGET_NAME)";
				TARGETED_DEVICE_FAMILY = 2;
			};
			name = Debug;
		};
		3FA6C54B1D0F52C60074FA88 /* Release */ = {
			isa = XCBuildConfiguration;
			buildSettings = {
				ASSETCATALOG_COMPILER_APPICON_NAME = AppIcon;
				INFOPLIST_FILE = dragdrop/Info.plist;
				LD_RUNPATH_SEARCH_PATHS = "$(inherited) @executable_path/Frameworks";
				PRODUCT_BUNDLE_IDENTIFIER = com.librispark.dragdrop;
				PRODUCT_NAME = "$(TARGET_NAME)";
				TARGETED_DEVICE_FAMILY = 2;
			};
			name = Release;
		};
/* End XCBuildConfiguration section */

/* Begin XCConfigurationList section */
		3FA6C5321D0F52C60074FA88 /* Build configuration list for PBXProject "dragdrop" */ = {
			isa = XCConfigurationList;
			buildConfigurations = (
				3FA6C5471D0F52C60074FA88 /* Debug */,
				3FA6C5481D0F52C60074FA88 /* Release */,
			);
			defaultConfigurationIsVisible = 0;
			defaultConfigurationName = Release;
		};
		3FA6C5491D0F52C60074FA88 /* Build configuration list for PBXNativeTarget "dragdrop" */ = {
			isa = XCConfigurationList;
			buildConfigurations = (
				3FA6C54A1D0F52C60074FA88 /* Debug */,
				3FA6C54B1D0F52C60074FA88 /* Release */,
			);
			defaultConfigurationIsVisible = 0;
		};
/* End XCConfigurationList section */
	};
	rootObject = 3FA6C52F1D0F52C60074FA88 /* Project object */;
}
